
Microsoft Visual Studio Solution File, Format Version 12.00
# Visual Studio 15
Project("{FAE04EC0-301F-11D3-BF4B-00C04F79EFBC}") = "ThisIsATest.Android", "ThisIsATest.Android\ThisIsATest.Android.csproj", "{D172FE22-5B20-48A3-8DF1-BE340BD161DE}"
EndProject
Project("{FAE04EC0-301F-11D3-BF4B-00C04F79EFBC}") = "ThisIsATest.iOS", "ThisIsATest.iOS\ThisIsATest.iOS.csproj", "{DB49B5AD-59AF-4926-8977-3A594F67BCF6}"
EndProject
Project("{FAE04EC0-301F-11D3-BF4B-00C04F79EFBC}") = "ThisIsATest", "ThisIsATest\ThisIsATest.csproj", "{46D3325E-45B8-44DF-A12D-3970C38863D5}"
EndProject
Global
	GlobalSection(SolutionConfigurationPlatforms) = preSolution
		Debug|Any CPU = Debug|Any CPU
		Release|Any CPU = Release|Any CPU
		Debug|iPhoneSimulator = Debug|iPhoneSimulator
		Release|iPhoneSimulator = Release|iPhoneSimulator
		Debug|iPhone = Debug|iPhone
		Release|iPhone = Release|iPhone
	EndGlobalSection
	GlobalSection(ProjectConfigurationPlatforms) = postSolution
		{D172FE22-5B20-48A3-8DF1-BE340BD161DE}.Debug|Any CPU.ActiveCfg = Debug|Any CPU
		{D172FE22-5B20-48A3-8DF1-BE340BD161DE}.Debug|Any CPU.Build.0 = Debug|Any CPU
		{D172FE22-5B20-48A3-8DF1-BE340BD161DE}.Release|Any CPU.ActiveCfg = Release|Any CPU
		{D172FE22-5B20-48A3-8DF1-BE340BD161DE}.Release|Any CPU.Build.0 = Release|Any CPU
		{D172FE22-5B20-48A3-8DF1-BE340BD161DE}.Debug|iPhoneSimulator.ActiveCfg = Debug|Any CPU
		{D172FE22-5B20-48A3-8DF1-BE340BD161DE}.Debug|iPhoneSimulator.Build.0 = Debug|Any CPU
		{D172FE22-5B20-48A3-8DF1-BE340BD161DE}.Release|iPhoneSimulator.ActiveCfg = Release|Any CPU
		{D172FE22-5B20-48A3-8DF1-BE340BD161DE}.Release|iPhoneSimulator.Build.0 = Release|Any CPU
		{D172FE22-5B20-48A3-8DF1-BE340BD161DE}.Debug|iPhone.ActiveCfg = Debug|Any CPU
		{D172FE22-5B20-48A3-8DF1-BE340BD161DE}.Debug|iPhone.Build.0 = Debug|Any CPU
		{D172FE22-5B20-48A3-8DF1-BE340BD161DE}.Release|iPhone.ActiveCfg = Release|Any CPU
		{D172FE22-5B20-48A3-8DF1-BE340BD161DE}.Release|iPhone.Build.0 = Release|Any CPU
		{DB49B5AD-59AF-4926-8977-3A594F67BCF6}.Debug|Any CPU.ActiveCfg = Debug|iPhoneSimulator
		{DB49B5AD-59AF-4926-8977-3A594F67BCF6}.Debug|Any CPU.Build.0 = Debug|iPhoneSimulator
		{DB49B5AD-59AF-4926-8977-3A594F67BCF6}.Release|Any CPU.ActiveCfg = Release|iPhoneSimulator
		{DB49B5AD-59AF-4926-8977-3A594F67BCF6}.Release|Any CPU.Build.0 = Release|iPhoneSimulator
		{DB49B5AD-59AF-4926-8977-3A594F67BCF6}.Debug|iPhoneSimulator.ActiveCfg = Debug|iPhoneSimulator
		{DB49B5AD-59AF-4926-8977-3A594F67BCF6}.Debug|iPhoneSimulator.Build.0 = Debug|iPhoneSimulator
		{DB49B5AD-59AF-4926-8977-3A594F67BCF6}.Release|iPhoneSimulator.ActiveCfg = Release|iPhoneSimulator
		{DB49B5AD-59AF-4926-8977-3A594F67BCF6}.Release|iPhoneSimulator.Build.0 = Release|iPhoneSimulator
		{DB49B5AD-59AF-4926-8977-3A594F67BCF6}.Debug|iPhone.ActiveCfg = Debug|iPhone
		{DB49B5AD-59AF-4926-8977-3A594F67BCF6}.Debug|iPhone.Build.0 = Debug|iPhone
		{DB49B5AD-59AF-4926-8977-3A594F67BCF6}.Release|iPhone.ActiveCfg = Release|iPhone
		{DB49B5AD-59AF-4926-8977-3A594F67BCF6}.Release|iPhone.Build.0 = Release|iPhone
		{46D3325E-45B8-44DF-A12D-3970C38863D5}.Debug|Any CPU.ActiveCfg = Debug|Any CPU
		{46D3325E-45B8-44DF-A12D-3970C38863D5}.Debug|Any CPU.Build.0 = Debug|Any CPU
		{46D3325E-45B8-44DF-A12D-3970C38863D5}.Release|Any CPU.ActiveCfg = Release|Any CPU
		{46D3325E-45B8-44DF-A12D-3970C38863D5}.Release|Any CPU.Build.0 = Release|Any CPU
		{46D3325E-45B8-44DF-A12D-3970C38863D5}.Debug|iPhoneSimulator.ActiveCfg = Debug|Any CPU
		{46D3325E-45B8-44DF-A12D-3970C38863D5}.Debug|iPhoneSimulator.Build.0 = Debug|Any CPU
		{46D3325E-45B8-44DF-A12D-3970C38863D5}.Release|iPhoneSimulator.ActiveCfg = Release|Any CPU
		{46D3325E-45B8-44DF-A12D-3970C38863D5}.Release|iPhoneSimulator.Build.0 = Release|Any CPU
		{46D3325E-45B8-44DF-A12D-3970C38863D5}.Debug|iPhone.ActiveCfg = Debug|Any CPU
		{46D3325E-45B8-44DF-A12D-3970C38863D5}.Debug|iPhone.Build.0 = Debug|Any CPU
		{46D3325E-45B8-44DF-A12D-3970C38863D5}.Release|iPhone.ActiveCfg = Release|Any CPU
		{46D3325E-45B8-44DF-A12D-3970C38863D5}.Release|iPhone.Build.0 = Release|Any CPU
	EndGlobalSection
EndGlobal
